
Microsoft Visual Studio Solution File, Format Version 12.00
# Visual Studio 2012
Project("{FAE04EC0-301F-11D3-BF4B-00C04F79EFBC}") = "DigitalDataManager", "DigitalDataManager\DigitalDataManager.csproj", "{FEEB72F7-8F38-40A4-BBDF-3491F75FBC11}"
	ProjectSection(ProjectDependencies) = postProject
		{15B3E0D2-6217-493A-A690-158C497F5318} = {15B3E0D2-6217-493A-A690-158C497F5318}
	EndProjectSection
EndProject
Project("{FAE04EC0-301F-11D3-BF4B-00C04F79EFBC}") = "ClientFsManager", "FileManager\ClientFsManager.csproj", "{92DB1C26-336D-4C3F-8E9D-34F6964907E7}"
EndProject
Project("{FAE04EC0-301F-11D3-BF4B-00C04F79EFBC}") = "DigitalWcfService", "DigitalWcfService\DigitalWcfService.csproj", "{15B3E0D2-6217-493A-A690-158C497F5318}"
EndProject
Project("{FAE04EC0-301F-11D3-BF4B-00C04F79EFBC}") = "DesktopClient", "DesktopClient\DesktopClient.csproj", "{B6B082EE-08B0-48CD-9DBC-DC0A961F5FA2}"
	ProjectSection(ProjectDependencies) = postProject
		{15B3E0D2-6217-493A-A690-158C497F5318} = {15B3E0D2-6217-493A-A690-158C497F5318}
	EndProjectSection
EndProject
Project("{FAE04EC0-301F-11D3-BF4B-00C04F79EFBC}") = "DbController", "DbController\DbController.csproj", "{36273EAE-0A88-4B9F-967F-5AA04763687B}"
EndProject
Project("{FAE04EC0-301F-11D3-BF4B-00C04F79EFBC}") = "DdmHelpers", "DdmHelpers\DdmHelpers.csproj", "{D30164D5-ABC3-4694-B226-A29D1B8D8926}"
EndProject
Project("{FAE04EC0-301F-11D3-BF4B-00C04F79EFBC}") = "ServerFsManager", "ServerFileManager\ServerFsManager.csproj", "{CDE7B74E-DC09-4309-A08D-D762FEB5D159}"
EndProject
Project("{FAE04EC0-301F-11D3-BF4B-00C04F79EFBC}") = "UserFilesDbController", "UserFilesDbController\UserFilesDbController.csproj", "{22E1FCFC-8838-474F-B764-0CAA568EC65C}"
EndProject
Global
	GlobalSection(SolutionConfigurationPlatforms) = preSolution
		Debug|Any CPU = Debug|Any CPU
		Release|Any CPU = Release|Any CPU
	EndGlobalSection
	GlobalSection(ProjectConfigurationPlatforms) = postSolution
		{FEEB72F7-8F38-40A4-BBDF-3491F75FBC11}.Debug|Any CPU.ActiveCfg = Debug|Any CPU
		{FEEB72F7-8F38-40A4-BBDF-3491F75FBC11}.Debug|Any CPU.Build.0 = Debug|Any CPU
		{FEEB72F7-8F38-40A4-BBDF-3491F75FBC11}.Release|Any CPU.ActiveCfg = Release|Any CPU
		{FEEB72F7-8F38-40A4-BBDF-3491F75FBC11}.Release|Any CPU.Build.0 = Release|Any CPU
		{92DB1C26-336D-4C3F-8E9D-34F6964907E7}.Debug|Any CPU.ActiveCfg = Debug|Any CPU
		{92DB1C26-336D-4C3F-8E9D-34F6964907E7}.Debug|Any CPU.Build.0 = Debug|Any CPU
		{92DB1C26-336D-4C3F-8E9D-34F6964907E7}.Release|Any CPU.ActiveCfg = Release|Any CPU
		{92DB1C26-336D-4C3F-8E9D-34F6964907E7}.Release|Any CPU.Build.0 = Release|Any CPU
		{15B3E0D2-6217-493A-A690-158C497F5318}.Debug|Any CPU.ActiveCfg = Debug|Any CPU
		{15B3E0D2-6217-493A-A690-158C497F5318}.Debug|Any CPU.Build.0 = Debug|Any CPU
		{15B3E0D2-6217-493A-A690-158C497F5318}.Release|Any CPU.ActiveCfg = Release|Any CPU
		{15B3E0D2-6217-493A-A690-158C497F5318}.Release|Any CPU.Build.0 = Release|Any CPU
		{B6B082EE-08B0-48CD-9DBC-DC0A961F5FA2}.Debug|Any CPU.ActiveCfg = Debug|Any CPU
		{B6B082EE-08B0-48CD-9DBC-DC0A961F5FA2}.Debug|Any CPU.Build.0 = Debug|Any CPU
		{B6B082EE-08B0-48CD-9DBC-DC0A961F5FA2}.Release|Any CPU.ActiveCfg = Release|Any CPU
		{B6B082EE-08B0-48CD-9DBC-DC0A961F5FA2}.Release|Any CPU.Build.0 = Release|Any CPU
		{36273EAE-0A88-4B9F-967F-5AA04763687B}.Debug|Any CPU.ActiveCfg = Debug|Any CPU
		{36273EAE-0A88-4B9F-967F-5AA04763687B}.Debug|Any CPU.Build.0 = Debug|Any CPU
		{36273EAE-0A88-4B9F-967F-5AA04763687B}.Release|Any CPU.ActiveCfg = Release|Any CPU
		{36273EAE-0A88-4B9F-967F-5AA04763687B}.Release|Any CPU.Build.0 = Release|Any CPU
		{D30164D5-ABC3-4694-B226-A29D1B8D8926}.Debug|Any CPU.ActiveCfg = Debug|Any CPU
		{D30164D5-ABC3-4694-B226-A29D1B8D8926}.Debug|Any CPU.Build.0 = Debug|Any CPU
		{D30164D5-ABC3-4694-B226-A29D1B8D8926}.Release|Any CPU.ActiveCfg = Release|Any CPU
		{D30164D5-ABC3-4694-B226-A29D1B8D8926}.Release|Any CPU.Build.0 = Release|Any CPU
		{CDE7B74E-DC09-4309-A08D-D762FEB5D159}.Debug|Any CPU.ActiveCfg = Debug|Any CPU
		{CDE7B74E-DC09-4309-A08D-D762FEB5D159}.Debug|Any CPU.Build.0 = Debug|Any CPU
		{CDE7B74E-DC09-4309-A08D-D762FEB5D159}.Release|Any CPU.ActiveCfg = Release|Any CPU
		{CDE7B74E-DC09-4309-A08D-D762FEB5D159}.Release|Any CPU.Build.0 = Release|Any CPU
		{22E1FCFC-8838-474F-B764-0CAA568EC65C}.Debug|Any CPU.ActiveCfg = Debug|Any CPU
		{22E1FCFC-8838-474F-B764-0CAA568EC65C}.Debug|Any CPU.Build.0 = Debug|Any CPU
		{22E1FCFC-8838-474F-B764-0CAA568EC65C}.Release|Any CPU.ActiveCfg = Release|Any CPU
		{22E1FCFC-8838-474F-B764-0CAA568EC65C}.Release|Any CPU.Build.0 = Release|Any CPU
	EndGlobalSection
	GlobalSection(SolutionProperties) = preSolution
		HideSolutionNode = FALSE
	EndGlobalSection
EndGlobal
