
Microsoft Visual Studio Solution File, Format Version 12.00
# Visual Studio 2013
VisualStudioVersion = 12.0.31101.0
MinimumVisualStudioVersion = 10.0.40219.1
Project("{FAE04EC0-301F-11D3-BF4B-00C04F79EFBC}") = "DigitalDataManager", "DigitalDataManager\DigitalDataManager.csproj", "{FEEB72F7-8F38-40A4-BBDF-3491F75FBC11}"
	ProjectSection(ProjectDependencies) = postProject
		{15B3E0D2-6217-493A-A690-158C497F5318} = {15B3E0D2-6217-493A-A690-158C497F5318}
	EndProjectSection
EndProject
Project("{FAE04EC0-301F-11D3-BF4B-00C04F79EFBC}") = "ClientFsManager", "FileManager\ClientFsManager.csproj", "{92DB1C26-336D-4C3F-8E9D-34F6964907E7}"
EndProject
Project("{FAE04EC0-301F-11D3-BF4B-00C04F79EFBC}") = "DigitalWcfService", "DigitalWcfService\DigitalWcfService.csproj", "{15B3E0D2-6217-493A-A690-158C497F5318}"
EndProject
Project("{FAE04EC0-301F-11D3-BF4B-00C04F79EFBC}") = "DesktopClient", "DesktopClient\DesktopClient.csproj", "{B6B082EE-08B0-48CD-9DBC-DC0A961F5FA2}"
	ProjectSection(ProjectDependencies) = postProject
		{15B3E0D2-6217-493A-A690-158C497F5318} = {15B3E0D2-6217-493A-A690-158C497F5318}
	EndProjectSection
EndProject
Project("{FAE04EC0-301F-11D3-BF4B-00C04F79EFBC}") = "DbController", "DbController\DbController.csproj", "{36273EAE-0A88-4B9F-967F-5AA04763687B}"
EndProject
Project("{FAE04EC0-301F-11D3-BF4B-00C04F79EFBC}") = "DdmHelpers", "DdmHelpers\DdmHelpers.csproj", "{D30164D5-ABC3-4694-B226-A29D1B8D8926}"
EndProject
Project("{FAE04EC0-301F-11D3-BF4B-00C04F79EFBC}") = "ServerFsManager", "ServerFileManager\ServerFsManager.csproj", "{CDE7B74E-DC09-4309-A08D-D762FEB5D159}"
EndProject
Project("{FAE04EC0-301F-11D3-BF4B-00C04F79EFBC}") = "UserFilesDbController", "UserFilesDbController\UserFilesDbController.csproj", "{22E1FCFC-8838-474F-B764-0CAA568EC65C}"
EndProject
Project("{FAE04EC0-301F-11D3-BF4B-00C04F79EFBC}") = "DdmWcfService", "DdmWcfService\DdmWcfService.csproj", "{633777B7-C852-4B15-92D1-A7C068A8A93A}"
EndProject
Project("{2150E333-8FDC-42A3-9474-1A3956D46DE8}") = "WcfService", "WcfService", "{6C73CB69-2356-444F-B4E5-2D3D11F036C4}"
EndProject
Project("{2150E333-8FDC-42A3-9474-1A3956D46DE8}") = "FileSystemManager", "FileSystemManager", "{88AB6986-ADE5-40F7-A847-0DE3FF62F296}"
EndProject
Project("{2150E333-8FDC-42A3-9474-1A3956D46DE8}") = "DataBaseController", "DataBaseController", "{5FC076D6-7300-494C-9B03-E7A9F1C88FB5}"
EndProject
Project("{2150E333-8FDC-42A3-9474-1A3956D46DE8}") = "Helpers", "Helpers", "{2E70D729-0D2F-42D0-83C5-5406491AC378}"
EndProject
Project("{2150E333-8FDC-42A3-9474-1A3956D46DE8}") = "Ddm", "Ddm", "{DE9E417A-11C9-433C-B70A-B17C94D38060}"
EndProject
Project("{2150E333-8FDC-42A3-9474-1A3956D46DE8}") = "Clients", "Clients", "{2F978C3C-3091-49E8-859D-9F4DDDEA645A}"
EndProject
Project("{2150E333-8FDC-42A3-9474-1A3956D46DE8}") = "Desktop", "Desktop", "{5374E488-7C95-4244-9D58-D9D375177E4D}"
EndProject
Project("{2150E333-8FDC-42A3-9474-1A3956D46DE8}") = "Web", "Web", "{6B471B0E-A65E-44AA-BA30-9DE8FAC2EAE5}"
EndProject
Project("{FAE04EC0-301F-11D3-BF4B-00C04F79EFBC}") = "DdmWebClient", "DdmWebClient\DdmWebClient.csproj", "{094FC4E7-1969-464D-8D57-D8ECFAE83128}"
	ProjectSection(ProjectDependencies) = postProject
		{633777B7-C852-4B15-92D1-A7C068A8A93A} = {633777B7-C852-4B15-92D1-A7C068A8A93A}
		{15B3E0D2-6217-493A-A690-158C497F5318} = {15B3E0D2-6217-493A-A690-158C497F5318}
	EndProjectSection
EndProject
Project("{FAE04EC0-301F-11D3-BF4B-00C04F79EFBC}") = "Ddm.Db", "..\Ddm.Db\Ddm.Db\Ddm.Db.csproj", "{2F801788-A6A9-4651-BA66-52E6DD2CC982}"
EndProject
Project("{FAE04EC0-301F-11D3-BF4B-00C04F79EFBC}") = "DdmFileManager", "DdmFileManager\DdmFileManager.csproj", "{22706A62-BD1E-4CF1-A373-3DAA0DD9FE7E}"
	ProjectSection(ProjectDependencies) = postProject
		{1E53084C-6D98-4F85-A79D-D7711F7AB451} = {1E53084C-6D98-4F85-A79D-D7711F7AB451}
	EndProjectSection
EndProject
Project("{FAE04EC0-301F-11D3-BF4B-00C04F79EFBC}") = "DdmWcfServiceLibrary", "DdmWcfServiceLibrary\DdmWcfServiceLibrary.csproj", "{1E53084C-6D98-4F85-A79D-D7711F7AB451}"
EndProject
Global
	GlobalSection(SolutionConfigurationPlatforms) = preSolution
		Debug|Any CPU = Debug|Any CPU
		Release|Any CPU = Release|Any CPU
	EndGlobalSection
	GlobalSection(ProjectConfigurationPlatforms) = postSolution
		{FEEB72F7-8F38-40A4-BBDF-3491F75FBC11}.Debug|Any CPU.ActiveCfg = Debug|Any CPU
		{FEEB72F7-8F38-40A4-BBDF-3491F75FBC11}.Debug|Any CPU.Build.0 = Debug|Any CPU
		{FEEB72F7-8F38-40A4-BBDF-3491F75FBC11}.Release|Any CPU.ActiveCfg = Release|Any CPU
		{FEEB72F7-8F38-40A4-BBDF-3491F75FBC11}.Release|Any CPU.Build.0 = Release|Any CPU
		{92DB1C26-336D-4C3F-8E9D-34F6964907E7}.Debug|Any CPU.ActiveCfg = Debug|Any CPU
		{92DB1C26-336D-4C3F-8E9D-34F6964907E7}.Debug|Any CPU.Build.0 = Debug|Any CPU
		{92DB1C26-336D-4C3F-8E9D-34F6964907E7}.Release|Any CPU.ActiveCfg = Release|Any CPU
		{92DB1C26-336D-4C3F-8E9D-34F6964907E7}.Release|Any CPU.Build.0 = Release|Any CPU
		{15B3E0D2-6217-493A-A690-158C497F5318}.Debug|Any CPU.ActiveCfg = Debug|Any CPU
		{15B3E0D2-6217-493A-A690-158C497F5318}.Debug|Any CPU.Build.0 = Debug|Any CPU
		{15B3E0D2-6217-493A-A690-158C497F5318}.Release|Any CPU.ActiveCfg = Release|Any CPU
		{15B3E0D2-6217-493A-A690-158C497F5318}.Release|Any CPU.Build.0 = Release|Any CPU
		{B6B082EE-08B0-48CD-9DBC-DC0A961F5FA2}.Debug|Any CPU.ActiveCfg = Debug|Any CPU
		{B6B082EE-08B0-48CD-9DBC-DC0A961F5FA2}.Debug|Any CPU.Build.0 = Debug|Any CPU
		{B6B082EE-08B0-48CD-9DBC-DC0A961F5FA2}.Release|Any CPU.ActiveCfg = Release|Any CPU
		{B6B082EE-08B0-48CD-9DBC-DC0A961F5FA2}.Release|Any CPU.Build.0 = Release|Any CPU
		{36273EAE-0A88-4B9F-967F-5AA04763687B}.Debug|Any CPU.ActiveCfg = Debug|Any CPU
		{36273EAE-0A88-4B9F-967F-5AA04763687B}.Debug|Any CPU.Build.0 = Debug|Any CPU
		{36273EAE-0A88-4B9F-967F-5AA04763687B}.Release|Any CPU.ActiveCfg = Release|Any CPU
		{36273EAE-0A88-4B9F-967F-5AA04763687B}.Release|Any CPU.Build.0 = Release|Any CPU
		{D30164D5-ABC3-4694-B226-A29D1B8D8926}.Debug|Any CPU.ActiveCfg = Debug|Any CPU
		{D30164D5-ABC3-4694-B226-A29D1B8D8926}.Debug|Any CPU.Build.0 = Debug|Any CPU
		{D30164D5-ABC3-4694-B226-A29D1B8D8926}.Release|Any CPU.ActiveCfg = Release|Any CPU
		{D30164D5-ABC3-4694-B226-A29D1B8D8926}.Release|Any CPU.Build.0 = Release|Any CPU
		{CDE7B74E-DC09-4309-A08D-D762FEB5D159}.Debug|Any CPU.ActiveCfg = Debug|Any CPU
		{CDE7B74E-DC09-4309-A08D-D762FEB5D159}.Debug|Any CPU.Build.0 = Debug|Any CPU
		{CDE7B74E-DC09-4309-A08D-D762FEB5D159}.Release|Any CPU.ActiveCfg = Release|Any CPU
		{CDE7B74E-DC09-4309-A08D-D762FEB5D159}.Release|Any CPU.Build.0 = Release|Any CPU
		{22E1FCFC-8838-474F-B764-0CAA568EC65C}.Debug|Any CPU.ActiveCfg = Debug|Any CPU
		{22E1FCFC-8838-474F-B764-0CAA568EC65C}.Debug|Any CPU.Build.0 = Debug|Any CPU
		{22E1FCFC-8838-474F-B764-0CAA568EC65C}.Release|Any CPU.ActiveCfg = Release|Any CPU
		{22E1FCFC-8838-474F-B764-0CAA568EC65C}.Release|Any CPU.Build.0 = Release|Any CPU
		{633777B7-C852-4B15-92D1-A7C068A8A93A}.Debug|Any CPU.ActiveCfg = Debug|Any CPU
		{633777B7-C852-4B15-92D1-A7C068A8A93A}.Debug|Any CPU.Build.0 = Debug|Any CPU
		{633777B7-C852-4B15-92D1-A7C068A8A93A}.Release|Any CPU.ActiveCfg = Release|Any CPU
		{633777B7-C852-4B15-92D1-A7C068A8A93A}.Release|Any CPU.Build.0 = Release|Any CPU
		{094FC4E7-1969-464D-8D57-D8ECFAE83128}.Debug|Any CPU.ActiveCfg = Debug|Any CPU
		{094FC4E7-1969-464D-8D57-D8ECFAE83128}.Debug|Any CPU.Build.0 = Debug|Any CPU
		{094FC4E7-1969-464D-8D57-D8ECFAE83128}.Release|Any CPU.ActiveCfg = Release|Any CPU
		{094FC4E7-1969-464D-8D57-D8ECFAE83128}.Release|Any CPU.Build.0 = Release|Any CPU
		{2F801788-A6A9-4651-BA66-52E6DD2CC982}.Debug|Any CPU.ActiveCfg = Debug|Any CPU
		{2F801788-A6A9-4651-BA66-52E6DD2CC982}.Debug|Any CPU.Build.0 = Debug|Any CPU
		{2F801788-A6A9-4651-BA66-52E6DD2CC982}.Release|Any CPU.ActiveCfg = Release|Any CPU
		{2F801788-A6A9-4651-BA66-52E6DD2CC982}.Release|Any CPU.Build.0 = Release|Any CPU
		{22706A62-BD1E-4CF1-A373-3DAA0DD9FE7E}.Debug|Any CPU.ActiveCfg = Debug|Any CPU
		{22706A62-BD1E-4CF1-A373-3DAA0DD9FE7E}.Debug|Any CPU.Build.0 = Debug|Any CPU
		{22706A62-BD1E-4CF1-A373-3DAA0DD9FE7E}.Release|Any CPU.ActiveCfg = Release|Any CPU
		{22706A62-BD1E-4CF1-A373-3DAA0DD9FE7E}.Release|Any CPU.Build.0 = Release|Any CPU
		{1E53084C-6D98-4F85-A79D-D7711F7AB451}.Debug|Any CPU.ActiveCfg = Debug|Any CPU
		{1E53084C-6D98-4F85-A79D-D7711F7AB451}.Debug|Any CPU.Build.0 = Debug|Any CPU
		{1E53084C-6D98-4F85-A79D-D7711F7AB451}.Release|Any CPU.ActiveCfg = Release|Any CPU
		{1E53084C-6D98-4F85-A79D-D7711F7AB451}.Release|Any CPU.Build.0 = Release|Any CPU
	EndGlobalSection
	GlobalSection(SolutionProperties) = preSolution
		HideSolutionNode = FALSE
	EndGlobalSection
	GlobalSection(NestedProjects) = preSolution
		{FEEB72F7-8F38-40A4-BBDF-3491F75FBC11} = {DE9E417A-11C9-433C-B70A-B17C94D38060}
		{92DB1C26-336D-4C3F-8E9D-34F6964907E7} = {88AB6986-ADE5-40F7-A847-0DE3FF62F296}
		{15B3E0D2-6217-493A-A690-158C497F5318} = {6C73CB69-2356-444F-B4E5-2D3D11F036C4}
		{B6B082EE-08B0-48CD-9DBC-DC0A961F5FA2} = {5374E488-7C95-4244-9D58-D9D375177E4D}
		{36273EAE-0A88-4B9F-967F-5AA04763687B} = {5FC076D6-7300-494C-9B03-E7A9F1C88FB5}
		{D30164D5-ABC3-4694-B226-A29D1B8D8926} = {2E70D729-0D2F-42D0-83C5-5406491AC378}
		{CDE7B74E-DC09-4309-A08D-D762FEB5D159} = {88AB6986-ADE5-40F7-A847-0DE3FF62F296}
		{22E1FCFC-8838-474F-B764-0CAA568EC65C} = {5FC076D6-7300-494C-9B03-E7A9F1C88FB5}
		{633777B7-C852-4B15-92D1-A7C068A8A93A} = {6C73CB69-2356-444F-B4E5-2D3D11F036C4}
		{5374E488-7C95-4244-9D58-D9D375177E4D} = {2F978C3C-3091-49E8-859D-9F4DDDEA645A}
		{6B471B0E-A65E-44AA-BA30-9DE8FAC2EAE5} = {2F978C3C-3091-49E8-859D-9F4DDDEA645A}
		{094FC4E7-1969-464D-8D57-D8ECFAE83128} = {6B471B0E-A65E-44AA-BA30-9DE8FAC2EAE5}
		{2F801788-A6A9-4651-BA66-52E6DD2CC982} = {5FC076D6-7300-494C-9B03-E7A9F1C88FB5}
		{22706A62-BD1E-4CF1-A373-3DAA0DD9FE7E} = {88AB6986-ADE5-40F7-A847-0DE3FF62F296}
		{1E53084C-6D98-4F85-A79D-D7711F7AB451} = {6C73CB69-2356-444F-B4E5-2D3D11F036C4}
	EndGlobalSection
EndGlobal
